{
  "name": "frontend",
  "version": "1.0.0",
  "lockfileVersion": 3,
  "requires": true,
  "packages": {
    "": {
      "name": "frontend",
      "version": "1.0.0",
      "license": "ISC",
      "dependencies": {
        "tinymce": "^8.5.0"
      },
      "devDependencies": {}
    },
    "node_modules/tinymce": {
      "version": "8.5.0",
      "resolved": "https://registry.npmjs.org/tinymce/-/tinymce-8.5.0.tgz",
      "integrity": "sha512-DnKEfPNQnOJc8Ca1roZBs/GSbkAZyIIbC4p8eHZyZQi85OSAXtiVNYMaRxo4mzsGKpa0sA4/Us4KXQkX8q7w2A==",
      "license": "SEE LICENSE IN license.md"
    }
  }
}
